
Microsoft Visual Studio Solution File, Format Version 12.00
Project("{2150E333-8FDC-42A3-9474-1A3956D46DE8}") = "tests", "tests", "{D326C28E-8A83-47F5-87EF-596AEB29B814}"
EndProject
Project("{2150E333-8FDC-42A3-9474-1A3956D46DE8}") = "src", "src", "{3BE3F6CC-FCFC-4AF3-B52E-7406D1424F30}"
EndProject
Project("{FAE04EC0-301F-11D3-BF4B-00C04F79EFBC}") = "TicTacToe.WebAPI", "src\TicTacToe.WebAPI\TicTacToe.WebAPI.csproj", "{B7E09BE1-42A2-4132-A9BA-182AF2FEB499}"
EndProject
Project("{FAE04EC0-301F-11D3-BF4B-00C04F79EFBC}") = "TicTacToe.Domain", "src\TicTacToe.Domain\TicTacToe.Domain.csproj", "{B0B568F2-EC36-4B10-A733-F58BCD14ACBB}"
EndProject
Project("{FAE04EC0-301F-11D3-BF4B-00C04F79EFBC}") = "TicTacToe.Application", "src\TicTacToe.Application\TicTacToe.Application.csproj", "{5DE4AD11-03D8-4FAC-A060-089E4B74F748}"
EndProject
Project("{FAE04EC0-301F-11D3-BF4B-00C04F79EFBC}") = "TicTacToe.Persistence", "src\TicTacToe.Persistence\TicTacToe.Persistence.csproj", "{0D4B97AA-C890-4267-B9DF-04FE112E9C00}"
EndProject
Project("{FAE04EC0-301F-11D3-BF4B-00C04F79EFBC}") = "TicTacToe.UnitTests", "tests\TicTacToe.UnitTests\TicTacToe.UnitTests.csproj", "{DCD52D8A-D1E4-4FE5-8D0A-0B7E5B2E5DE5}"
EndProject
Project("{FAE04EC0-301F-11D3-BF4B-00C04F79EFBC}") = "TicTacToe.IntegrationTests", "tests\TicTacToe.IntegrationTests\TicTacToe.IntegrationTests.csproj", "{8ABA93CF-B1AB-4303-BD8E-CDB1CFFDD532}"
EndProject
Global
	GlobalSection(SolutionConfigurationPlatforms) = preSolution
		Debug|Any CPU = Debug|Any CPU
		Release|Any CPU = Release|Any CPU
	EndGlobalSection
	GlobalSection(NestedProjects) = preSolution
		{B7E09BE1-42A2-4132-A9BA-182AF2FEB499} = {3BE3F6CC-FCFC-4AF3-B52E-7406D1424F30}
		{B0B568F2-EC36-4B10-A733-F58BCD14ACBB} = {3BE3F6CC-FCFC-4AF3-B52E-7406D1424F30}
		{5DE4AD11-03D8-4FAC-A060-089E4B74F748} = {3BE3F6CC-FCFC-4AF3-B52E-7406D1424F30}
		{0D4B97AA-C890-4267-B9DF-04FE112E9C00} = {3BE3F6CC-FCFC-4AF3-B52E-7406D1424F30}
		{DCD52D8A-D1E4-4FE5-8D0A-0B7E5B2E5DE5} = {D326C28E-8A83-47F5-87EF-596AEB29B814}
		{8ABA93CF-B1AB-4303-BD8E-CDB1CFFDD532} = {D326C28E-8A83-47F5-87EF-596AEB29B814}
	EndGlobalSection
	GlobalSection(ProjectConfigurationPlatforms) = postSolution
		{B7E09BE1-42A2-4132-A9BA-182AF2FEB499}.Debug|Any CPU.ActiveCfg = Debug|Any CPU
		{B7E09BE1-42A2-4132-A9BA-182AF2FEB499}.Debug|Any CPU.Build.0 = Debug|Any CPU
		{B7E09BE1-42A2-4132-A9BA-182AF2FEB499}.Release|Any CPU.ActiveCfg = Release|Any CPU
		{B7E09BE1-42A2-4132-A9BA-182AF2FEB499}.Release|Any CPU.Build.0 = Release|Any CPU
		{B0B568F2-EC36-4B10-A733-F58BCD14ACBB}.Debug|Any CPU.ActiveCfg = Debug|Any CPU
		{B0B568F2-EC36-4B10-A733-F58BCD14ACBB}.Debug|Any CPU.Build.0 = Debug|Any CPU
		{B0B568F2-EC36-4B10-A733-F58BCD14ACBB}.Release|Any CPU.ActiveCfg = Release|Any CPU
		{B0B568F2-EC36-4B10-A733-F58BCD14ACBB}.Release|Any CPU.Build.0 = Release|Any CPU
		{5DE4AD11-03D8-4FAC-A060-089E4B74F748}.Debug|Any CPU.ActiveCfg = Debug|Any CPU
		{5DE4AD11-03D8-4FAC-A060-089E4B74F748}.Debug|Any CPU.Build.0 = Debug|Any CPU
		{5DE4AD11-03D8-4FAC-A060-089E4B74F748}.Release|Any CPU.ActiveCfg = Release|Any CPU
		{5DE4AD11-03D8-4FAC-A060-089E4B74F748}.Release|Any CPU.Build.0 = Release|Any CPU
		{0D4B97AA-C890-4267-B9DF-04FE112E9C00}.Debug|Any CPU.ActiveCfg = Debug|Any CPU
		{0D4B97AA-C890-4267-B9DF-04FE112E9C00}.Debug|Any CPU.Build.0 = Debug|Any CPU
		{0D4B97AA-C890-4267-B9DF-04FE112E9C00}.Release|Any CPU.ActiveCfg = Release|Any CPU
		{0D4B97AA-C890-4267-B9DF-04FE112E9C00}.Release|Any CPU.Build.0 = Release|Any CPU
		{DCD52D8A-D1E4-4FE5-8D0A-0B7E5B2E5DE5}.Debug|Any CPU.ActiveCfg = Debug|Any CPU
		{DCD52D8A-D1E4-4FE5-8D0A-0B7E5B2E5DE5}.Debug|Any CPU.Build.0 = Debug|Any CPU
		{DCD52D8A-D1E4-4FE5-8D0A-0B7E5B2E5DE5}.Release|Any CPU.ActiveCfg = Release|Any CPU
		{DCD52D8A-D1E4-4FE5-8D0A-0B7E5B2E5DE5}.Release|Any CPU.Build.0 = Release|Any CPU
		{8ABA93CF-B1AB-4303-BD8E-CDB1CFFDD532}.Debug|Any CPU.ActiveCfg = Debug|Any CPU
		{8ABA93CF-B1AB-4303-BD8E-CDB1CFFDD532}.Debug|Any CPU.Build.0 = Debug|Any CPU
		{8ABA93CF-B1AB-4303-BD8E-CDB1CFFDD532}.Release|Any CPU.ActiveCfg = Release|Any CPU
		{8ABA93CF-B1AB-4303-BD8E-CDB1CFFDD532}.Release|Any CPU.Build.0 = Release|Any CPU
	EndGlobalSection
EndGlobal
